<?xml version="1.0" encoding="UTF-8" standalone="yes" ?>
<CodeBlocks_project_file>
	<FileVersion major="1" minor="6" />
	<Project>
		<Option title="mpi" />
		<Option pch_mode="2" />
		<Option compiler="gcc" />
		<Build>
			<Target title="Debug">
				<Option output="bin/Debug/mpi" prefix_auto="1" extension_auto="1" />
				<Option object_output="obj/Debug/" />
				<Option type="1" />
				<Option compiler="gcc" />
				<Compiler>
					<Add option="-g" />
					<Add directory="/usr/local/openmpi-1.8.4/include" />
				</Compiler>
				<Linker>
					<Add directory="/usr/local/openmpi-1.8.4/lib" />
				</Linker>
			</Target>
			<Target title="Release">
				<Option output="bin/Release/mpi" prefix_auto="1" extension_auto="1" />
				<Option object_output="obj/Release/" />
				<Option type="1" />
				<Option compiler="gcc" />
				<Compiler>
					<Add option="-O2" />
				</Compiler>
				<Linker>
					<Add option="-s" />
				</Linker>
			</Target>
		</Build>
		<Compiler>
			<Add option="-Wall" />
		</Compiler>
		<Unit filename="src/MyMPI.c">
			<Option compilerVar="CC" />
		</Unit>
		<Unit filename="src/MyMPI.h" />
		<Unit filename="src/data_gen.c">
			<Option compilerVar="CC" />
		</Unit>
		<Unit filename="src/data_print.c">
			<Option compilerVar="CC" />
		</Unit>
		<Unit filename="src/eratosthenes_parallel.c">
			<Option compilerVar="CC" />
		</Unit>
		<Unit filename="src/floyd.c">
			<Option compilerVar="CC" />
		</Unit>
		<Unit filename="src/k-means.c">
			<Option compilerVar="CC" />
		</Unit>
		<Unit filename="src/kmeans_ascii_gen.c">
			<Option compilerVar="CC" />
		</Unit>
		<Unit filename="src/mat_vec_mul_v1.c">
			<Option compilerVar="CC" />
		</Unit>
		<Unit filename="src/matrix1.c">
			<Option compilerVar="CC" />
		</Unit>
		<Unit filename="src/matrix2.c">
			<Option compilerVar="CC" />
		</Unit>
		<Unit filename="src/prime.c">
			<Option compilerVar="CC" />
		</Unit>
		<Unit filename="src/ranksort.c">
			<Option compilerVar="CC" />
		</Unit>
		<Unit filename="src/sat1.c">
			<Option compilerVar="CC" />
		</Unit>
		<Unit filename="src/sat2.c">
			<Option compilerVar="CC" />
		</Unit>
		<Unit filename="src/sat3.c">
			<Option compilerVar="CC" />
		</Unit>
		<Extensions>
			<envvars />
			<code_completion />
			<debugger />
		</Extensions>
	</Project>
</CodeBlocks_project_file>
